{
  "name": "4.8",
  "lockfileVersion": 2,
  "requires": true,
  "packages": {
    "": {
      "dependencies": {
        "types-registry": "^0.1.612"
      },
      "devDependencies": {
        "@types/body-parser": "^1.19.2",
        "@types/bytes": "^3.1.1",
        "@types/content-type": "^1.1.5",
        "@types/cookie": "^0.5.1",
        "@types/cookie-parser": "^1.4.3",
        "@types/cookie-signature": "^1.0.4",
        "@types/debug": "^4.1.7",
        "@types/depd": "^1.1.32",
        "@types/ejs": "^3.1.1",
        "@types/express": "^4.17.14",
        "@types/express-session": "^1.17.5",
        "@types/http-errors": "^1.8.2",
        "@types/iniparser": "^0.0.29",
        "@types/mysql": "^2.15.21",
        "@types/nodemailer": "^6.4.6",
        "@types/nodemon": "^1.19.2",
        "@types/on-headers": "^1.0.0",
        "@types/parseurl": "^1.3.1",
        "@types/qs": "^6.9.7",
        "@types/random-bytes": "^1.0.1",
        "@types/type-is": "^1.6.3",
        "@types/uid-safe": "^2.1.2"
      }
    },
    "node_modules/@types/body-parser": {
      "version": "1.19.2",
      "resolved": "https://registry.npmjs.org/@types/body-parser/-/body-parser-1.19.2.tgz",
      "integrity": "sha512-ALYone6pm6QmwZoAgeyNksccT9Q4AWZQ6PvfwR37GT6r6FWUPguq6sUmNGSMV2Wr761oQoBxwGGa6DR5o1DC9g==",
      "dev": true,
      "dependencies": {
        "@types/connect": "*",
        "@types/node": "*"
      }
    },
    "node_modules/@types/bytes": {
      "version": "3.1.1",
      "resolved": "https://registry.npmjs.org/@types/bytes/-/bytes-3.1.1.tgz",
      "integrity": "sha512-lOGyCnw+2JVPKU3wIV0srU0NyALwTBJlVSx5DfMQOFuuohA8y9S8orImpuIQikZ0uIQ8gehrRjxgQC1rLRi11w==",
      "dev": true
    },
    "node_modules/@types/connect": {
      "version": "3.4.35",
      "resolved": "https://registry.npmjs.org/@types/connect/-/connect-3.4.35.tgz",
      "integrity": "sha512-cdeYyv4KWoEgpBISTxWvqYsVy444DOqehiF3fM3ne10AmJ62RSyNkUnxMJXHQWRQQX2eR94m5y1IZyDwBjV9FQ==",
      "dev": true,
      "dependencies": {
        "@types/node": "*"
      }
    },
    "node_modules/@types/content-type": {
      "version": "1.1.5",
      "resolved": "https://registry.npmjs.org/@types/content-type/-/content-type-1.1.5.tgz",
      "integrity": "sha512-dgMN+syt1xb7Hk8LU6AODOfPlvz5z1CbXpPuJE5ZrX9STfBOIXF09pEB8N7a97WT9dbngt3ksDCm6GW6yMrxfQ==",
      "dev": true
    },
    "node_modules/@types/cookie": {
      "version": "0.5.1",
      "resolved": "https://registry.npmjs.org/@types/cookie/-/cookie-0.5.1.tgz",
      "integrity": "sha512-COUnqfB2+ckwXXSFInsFdOAWQzCCx+a5hq2ruyj+Vjund94RJQd4LG2u9hnvJrTgunKAaax7ancBYlDrNYxA0g==",
      "dev": true
    },
    "node_modules/@types/cookie-parser": {
      "version": "1.4.3",
      "resolved": "https://registry.npmjs.org/@types/cookie-parser/-/cookie-parser-1.4.3.tgz",
      "integrity": "sha512-CqSKwFwefj4PzZ5n/iwad/bow2hTCh0FlNAeWLtQM3JA/NX/iYagIpWG2cf1bQKQ2c9gU2log5VUCrn7LDOs0w==",
      "dev": true,
      "dependencies": {
        "@types/express": "*"
      }
    },
    "node_modules/@types/cookie-signature": {
      "version": "1.0.4",
      "resolved": "https://registry.npmjs.org/@types/cookie-signature/-/cookie-signature-1.0.4.tgz",
      "integrity": "sha512-B9LOCjVnLniz5NHq8pPFQdDjRGtLZKYG7tQHveMeUalWvZgOuLQ5OeWgx3y4/WLJFt0N+tYyk8HMEOsvCjf7Yw==",
      "dev": true
    },
    "node_modules/@types/debug": {
      "version": "4.1.7",
      "resolved": "https://registry.npmjs.org/@types/debug/-/debug-4.1.7.tgz",
      "integrity": "sha512-9AonUzyTjXXhEOa0DnqpzZi6VHlqKMswga9EXjpXnnqxwLtdvPPtlO8evrI5D9S6asFRCQ6v+wpiUKbw+vKqyg==",
      "dev": true,
      "dependencies": {
        "@types/ms": "*"
      }
    },
    "node_modules/@types/depd": {
      "version": "1.1.32",
      "resolved": "https://registry.npmjs.org/@types/depd/-/depd-1.1.32.tgz",
      "integrity": "sha512-kB2cpXs3A0TGWl4a4h74yIwvclYZUTW6Irpee/3Dc1s4Cr5rGPHtpGPpBBpEV1MaKH5z/oul+57oDkEkeRXRnw==",
      "dev": true,
      "dependencies": {
        "@types/node": "*"
      }
    },
    "node_modules/@types/ejs": {
      "version": "3.1.1",
      "resolved": "https://registry.npmjs.org/@types/ejs/-/ejs-3.1.1.tgz",
      "integrity": "sha512-RQul5wEfY7BjWm0sYY86cmUN/pcXWGyVxWX93DFFJvcrxax5zKlieLwA3T77xJGwNcZW0YW6CYG70p1m8xPFmA==",
      "dev": true
    },
    "node_modules/@types/express": {
      "version": "4.17.14",
      "resolved": "https://registry.npmjs.org/@types/express/-/express-4.17.14.tgz",
      "integrity": "sha512-TEbt+vaPFQ+xpxFLFssxUDXj5cWCxZJjIcB7Yg0k0GMHGtgtQgpvx/MUQUeAkNbA9AAGrwkAsoeItdTgS7FMyg==",
      "dev": true,
      "dependencies": {
        "@types/body-parser": "*",
        "@types/express-serve-static-core": "^4.17.18",
        "@types/qs": "*",
        "@types/serve-static": "*"
      }
    },
    "node_modules/@types/express-serve-static-core": {
      "version": "4.17.31",
      "resolved": "https://registry.npmjs.org/@types/express-serve-static-core/-/express-serve-static-core-4.17.31.tgz",
      "integrity": "sha512-DxMhY+NAsTwMMFHBTtJFNp5qiHKJ7TeqOo23zVEM9alT1Ml27Q3xcTH0xwxn7Q0BbMcVEJOs/7aQtUWupUQN3Q==",
      "dev": true,
      "dependencies": {
        "@types/node": "*",
        "@types/qs": "*",
        "@types/range-parser": "*"
      }
    },
    "node_modules/@types/express-session": {
      "version": "1.17.5",
      "resolved": "https://registry.npmjs.org/@types/express-session/-/express-session-1.17.5.tgz",
      "integrity": "sha512-l0DhkvNVfyUPEEis8fcwbd46VptfA/jmMwHfob2TfDMf3HyPLiB9mKD71LXhz5TMUobODXPD27zXSwtFQLHm+w==",
      "dev": true,
      "dependencies": {
        "@types/express": "*"
      }
    },
    "node_modules/@types/http-errors": {
      "version": "1.8.2",
      "resolved": "https://registry.npmjs.org/@types/http-errors/-/http-errors-1.8.2.tgz",
      "integrity": "sha512-EqX+YQxINb+MeXaIqYDASb6U6FCHbWjkj4a1CKDBks3d/QiB2+PqBLyO72vLDgAO1wUI4O+9gweRcQK11bTL/w==",
      "dev": true
    },
    "node_modules/@types/iniparser": {
      "version": "0.0.29",
      "resolved": "https://registry.npmjs.org/@types/iniparser/-/iniparser-0.0.29.tgz",
      "integrity": "sha512-8JkgJrBRQn6SWu5y+IpwJzmTNw+d3hF+n6rVc1mySaNmU4fuUQGrLQeH2qC9NLa++PXx2sFZRhNsVGKdN8OOzg==",
      "dev": true
    },
    "node_modules/@types/mime": {
      "version": "3.0.1",
      "resolved": "https://registry.npmjs.org/@types/mime/-/mime-3.0.1.tgz",
      "integrity": "sha512-Y4XFY5VJAuw0FgAqPNd6NNoV44jbq9Bz2L7Rh/J6jLTiHBSBJa9fxqQIvkIld4GsoDOcCbvzOUAbLPsSKKg+uA==",
      "dev": true
    },
    "node_modules/@types/ms": {
      "version": "0.7.31",
      "resolved": "https://registry.npmjs.org/@types/ms/-/ms-0.7.31.tgz",
      "integrity": "sha512-iiUgKzV9AuaEkZqkOLDIvlQiL6ltuZd9tGcW3gwpnX8JbuiuhFlEGmmFXEXkN50Cvq7Os88IY2v0dkDqXYWVgA==",
      "dev": true
    },
    "node_modules/@types/mysql": {
      "version": "2.15.21",
      "resolved": "https://registry.npmjs.org/@types/mysql/-/mysql-2.15.21.tgz",
      "integrity": "sha512-NPotx5CVful7yB+qZbWtXL2fA4e7aEHkihHLjklc6ID8aq7bhguHgeIoC1EmSNTAuCgI6ZXrjt2ZSaXnYX0EUg==",
      "dev": true,
      "dependencies": {
        "@types/node": "*"
      }
    },
    "node_modules/@types/node": {
      "version": "18.8.1",
      "resolved": "https://registry.npmjs.org/@types/node/-/node-18.8.1.tgz",
      "integrity": "sha512-vuYaNuEIbOYLTLUAJh50ezEbvxrD43iby+lpUA2aa148Nh5kX/AVO/9m1Ahmbux2iU5uxJTNF9g2Y+31uml7RQ==",
      "dev": true
    },
    "node_modules/@types/nodemailer": {
      "version": "6.4.6",
      "resolved": "https://registry.npmjs.org/@types/nodemailer/-/nodemailer-6.4.6.tgz",
      "integrity": "sha512-pD6fL5GQtUKvD2WnPmg5bC2e8kWCAPDwMPmHe/ohQbW+Dy0EcHgZ2oCSuPlWNqk74LS5BVMig1SymQbFMPPK3w==",
      "dev": true,
      "dependencies": {
        "@types/node": "*"
      }
    },
    "node_modules/@types/nodemon": {
      "version": "1.19.2",
      "resolved": "https://registry.npmjs.org/@types/nodemon/-/nodemon-1.19.2.tgz",
      "integrity": "sha512-4GWiTN3HevkxMIxEQ7OpD3MAHhlVsX2tairCMRmf8oYZxmhHw9+UpQpIdGdJrjsMT2Ty26FtJzUUcP/qM5fR8A==",
      "dev": true,
      "dependencies": {
        "@types/node": "*"
      }
    },
    "node_modules/@types/on-headers": {
      "version": "1.0.0",
      "resolved": "https://registry.npmjs.org/@types/on-headers/-/on-headers-1.0.0.tgz",
      "integrity": "sha512-m5LRgPZzWPHGoEQDbuVuduRMctCW5tDarxi9f7+rYZoJDy7nMHMMrODtqbwPpNjYc6Ilg4vL2NeYAwimJfku3w==",
      "dev": true,
      "dependencies": {
        "@types/node": "*"
      }
    },
    "node_modules/@types/parseurl": {
      "version": "1.3.1",
      "resolved": "https://registry.npmjs.org/@types/parseurl/-/parseurl-1.3.1.tgz",
      "integrity": "sha512-sAfjGAYgJ/MZsk95f3ByThfJgasZk1hWJROghBwfKnLLNANEAG/WHckAcT6HNqx2sHwVlci7OAX7k1KYpOcgMw==",
      "dev": true,
      "dependencies": {
        "@types/node": "*"
      }
    },
    "node_modules/@types/qs": {
      "version": "6.9.7",
      "resolved": "https://registry.npmjs.org/@types/qs/-/qs-6.9.7.tgz",
      "integrity": "sha512-FGa1F62FT09qcrueBA6qYTrJPVDzah9a+493+o2PCXsesWHIn27G98TsSMs3WPNbZIEj4+VJf6saSFpvD+3Zsw==",
      "dev": true
    },
    "node_modules/@types/random-bytes": {
      "version": "1.0.1",
      "resolved": "https://registry.npmjs.org/@types/random-bytes/-/random-bytes-1.0.1.tgz",
      "integrity": "sha512-P7fvSNQkysUoV1i1jbpAUR9TgkArYMTpSd4N12Hi/cbULDh+0KqhbTO1iW651ye3AKYadKyP66jgSSWRHIk1Tg==",
      "dev": true,
      "dependencies": {
        "@types/node": "*"
      }
    },
    "node_modules/@types/range-parser": {
      "version": "1.2.4",
      "resolved": "https://registry.npmjs.org/@types/range-parser/-/range-parser-1.2.4.tgz",
      "integrity": "sha512-EEhsLsD6UsDM1yFhAvy0Cjr6VwmpMWqFBCb9w07wVugF7w9nfajxLuVmngTIpgS6svCnm6Vaw+MZhoDCKnOfsw==",
      "dev": true
    },
    "node_modules/@types/serve-static": {
      "version": "1.15.0",
      "resolved": "https://registry.npmjs.org/@types/serve-static/-/serve-static-1.15.0.tgz",
      "integrity": "sha512-z5xyF6uh8CbjAu9760KDKsH2FcDxZ2tFCsA4HIMWE6IkiYMXfVoa+4f9KX+FN0ZLsaMw1WNG2ETLA6N+/YA+cg==",
      "dev": true,
      "dependencies": {
        "@types/mime": "*",
        "@types/node": "*"
      }
    },
    "node_modules/@types/type-is": {
      "version": "1.6.3",
      "resolved": "https://registry.npmjs.org/@types/type-is/-/type-is-1.6.3.tgz",
      "integrity": "sha512-PNs5wHaNcBgCQG5nAeeZ7OvosrEsI9O4W2jAOO9BCCg4ux9ZZvH2+0iSCOIDBiKuQsiNS8CBlmfX9f5YBQ22cA==",
      "dev": true,
      "dependencies": {
        "@types/node": "*"
      }
    },
    "node_modules/@types/uid-safe": {
      "version": "2.1.2",
      "resolved": "https://registry.npmjs.org/@types/uid-safe/-/uid-safe-2.1.2.tgz",
      "integrity": "sha512-Qe3A73fQbbkyoCIZvumH3kGJe01aOeUjUjKW05QHAfkfyKa8FjlDR5dP05T27S/f1/qjCtI07pQJzo4SKQWFSQ==",
      "dev": true
    },
    "node_modules/types-registry": {
      "version": "0.1.612",
      "resolved": "https://registry.npmjs.org/types-registry/-/types-registry-0.1.612.tgz",
      "integrity": "sha512-6zR/5TwrVhWzTB5QvahknIugYS8FTMwb60JKkzFpEaZviRE7D71tllpPoSsGoLk6ERM8uTqxr2GCuctruvydZw=="
    }
  },
  "dependencies": {
    "@types/body-parser": {
      "version": "1.19.2",
      "resolved": "https://registry.npmjs.org/@types/body-parser/-/body-parser-1.19.2.tgz",
      "integrity": "sha512-ALYone6pm6QmwZoAgeyNksccT9Q4AWZQ6PvfwR37GT6r6FWUPguq6sUmNGSMV2Wr761oQoBxwGGa6DR5o1DC9g==",
      "dev": true,
      "requires": {
        "@types/connect": "*",
        "@types/node": "*"
      }
    },
    "@types/bytes": {
      "version": "3.1.1",
      "resolved": "https://registry.npmjs.org/@types/bytes/-/bytes-3.1.1.tgz",
      "integrity": "sha512-lOGyCnw+2JVPKU3wIV0srU0NyALwTBJlVSx5DfMQOFuuohA8y9S8orImpuIQikZ0uIQ8gehrRjxgQC1rLRi11w==",
      "dev": true
    },
    "@types/connect": {
      "version": "3.4.35",
      "resolved": "https://registry.npmjs.org/@types/connect/-/connect-3.4.35.tgz",
      "integrity": "sha512-cdeYyv4KWoEgpBISTxWvqYsVy444DOqehiF3fM3ne10AmJ62RSyNkUnxMJXHQWRQQX2eR94m5y1IZyDwBjV9FQ==",
      "dev": true,
      "requires": {
        "@types/node": "*"
      }
    },
    "@types/content-type": {
      "version": "1.1.5",
      "resolved": "https://registry.npmjs.org/@types/content-type/-/content-type-1.1.5.tgz",
      "integrity": "sha512-dgMN+syt1xb7Hk8LU6AODOfPlvz5z1CbXpPuJE5ZrX9STfBOIXF09pEB8N7a97WT9dbngt3ksDCm6GW6yMrxfQ==",
      "dev": true
    },
    "@types/cookie": {
      "version": "0.5.1",
      "resolved": "https://registry.npmjs.org/@types/cookie/-/cookie-0.5.1.tgz",
      "integrity": "sha512-COUnqfB2+ckwXXSFInsFdOAWQzCCx+a5hq2ruyj+Vjund94RJQd4LG2u9hnvJrTgunKAaax7ancBYlDrNYxA0g==",
      "dev": true
    },
    "@types/cookie-parser": {
      "version": "1.4.3",
      "resolved": "https://registry.npmjs.org/@types/cookie-parser/-/cookie-parser-1.4.3.tgz",
      "integrity": "sha512-CqSKwFwefj4PzZ5n/iwad/bow2hTCh0FlNAeWLtQM3JA/NX/iYagIpWG2cf1bQKQ2c9gU2log5VUCrn7LDOs0w==",
      "dev": true,
      "requires": {
        "@types/express": "*"
      }
    },
    "@types/cookie-signature": {
      "version": "1.0.4",
      "resolved": "https://registry.npmjs.org/@types/cookie-signature/-/cookie-signature-1.0.4.tgz",
      "integrity": "sha512-B9LOCjVnLniz5NHq8pPFQdDjRGtLZKYG7tQHveMeUalWvZgOuLQ5OeWgx3y4/WLJFt0N+tYyk8HMEOsvCjf7Yw==",
      "dev": true
    },
    "@types/debug": {
      "version": "4.1.7",
      "resolved": "https://registry.npmjs.org/@types/debug/-/debug-4.1.7.tgz",
      "integrity": "sha512-9AonUzyTjXXhEOa0DnqpzZi6VHlqKMswga9EXjpXnnqxwLtdvPPtlO8evrI5D9S6asFRCQ6v+wpiUKbw+vKqyg==",
      "dev": true,
      "requires": {
        "@types/ms": "*"
      }
    },
    "@types/depd": {
      "version": "1.1.32",
      "resolved": "https://registry.npmjs.org/@types/depd/-/depd-1.1.32.tgz",
      "integrity": "sha512-kB2cpXs3A0TGWl4a4h74yIwvclYZUTW6Irpee/3Dc1s4Cr5rGPHtpGPpBBpEV1MaKH5z/oul+57oDkEkeRXRnw==",
      "dev": true,
      "requires": {
        "@types/node": "*"
      }
    },
    "@types/ejs": {
      "version": "3.1.1",
      "resolved": "https://registry.npmjs.org/@types/ejs/-/ejs-3.1.1.tgz",
      "integrity": "sha512-RQul5wEfY7BjWm0sYY86cmUN/pcXWGyVxWX93DFFJvcrxax5zKlieLwA3T77xJGwNcZW0YW6CYG70p1m8xPFmA==",
      "dev": true
    },
    "@types/express": {
      "version": "4.17.14",
      "resolved": "https://registry.npmjs.org/@types/express/-/express-4.17.14.tgz",
      "integrity": "sha512-TEbt+vaPFQ+xpxFLFssxUDXj5cWCxZJjIcB7Yg0k0GMHGtgtQgpvx/MUQUeAkNbA9AAGrwkAsoeItdTgS7FMyg==",
      "dev": true,
      "requires": {
        "@types/body-parser": "*",
        "@types/express-serve-static-core": "^4.17.18",
        "@types/qs": "*",
        "@types/serve-static": "*"
      }
    },
    "@types/express-serve-static-core": {
      "version": "4.17.31",
      "resolved": "https://registry.npmjs.org/@types/express-serve-static-core/-/express-serve-static-core-4.17.31.tgz",
      "integrity": "sha512-DxMhY+NAsTwMMFHBTtJFNp5qiHKJ7TeqOo23zVEM9alT1Ml27Q3xcTH0xwxn7Q0BbMcVEJOs/7aQtUWupUQN3Q==",
      "dev": true,
      "requires": {
        "@types/node": "*",
        "@types/qs": "*",
        "@types/range-parser": "*"
      }
    },
    "@types/express-session": {
      "version": "1.17.5",
      "resolved": "https://registry.npmjs.org/@types/express-session/-/express-session-1.17.5.tgz",
      "integrity": "sha512-l0DhkvNVfyUPEEis8fcwbd46VptfA/jmMwHfob2TfDMf3HyPLiB9mKD71LXhz5TMUobODXPD27zXSwtFQLHm+w==",
      "dev": true,
      "requires": {
        "@types/express": "*"
      }
    },
    "@types/http-errors": {
      "version": "1.8.2",
      "resolved": "https://registry.npmjs.org/@types/http-errors/-/http-errors-1.8.2.tgz",
      "integrity": "sha512-EqX+YQxINb+MeXaIqYDASb6U6FCHbWjkj4a1CKDBks3d/QiB2+PqBLyO72vLDgAO1wUI4O+9gweRcQK11bTL/w==",
      "dev": true
    },
    "@types/iniparser": {
      "version": "0.0.29",
      "resolved": "https://registry.npmjs.org/@types/iniparser/-/iniparser-0.0.29.tgz",
      "integrity": "sha512-8JkgJrBRQn6SWu5y+IpwJzmTNw+d3hF+n6rVc1mySaNmU4fuUQGrLQeH2qC9NLa++PXx2sFZRhNsVGKdN8OOzg==",
      "dev": true
    },
    "@types/mime": {
      "version": "3.0.1",
      "resolved": "https://registry.npmjs.org/@types/mime/-/mime-3.0.1.tgz",
      "integrity": "sha512-Y4XFY5VJAuw0FgAqPNd6NNoV44jbq9Bz2L7Rh/J6jLTiHBSBJa9fxqQIvkIld4GsoDOcCbvzOUAbLPsSKKg+uA==",
      "dev": true
    },
    "@types/ms": {
      "version": "0.7.31",
      "resolved": "https://registry.npmjs.org/@types/ms/-/ms-0.7.31.tgz",
      "integrity": "sha512-iiUgKzV9AuaEkZqkOLDIvlQiL6ltuZd9tGcW3gwpnX8JbuiuhFlEGmmFXEXkN50Cvq7Os88IY2v0dkDqXYWVgA==",
      "dev": true
    },
    "@types/mysql": {
      "version": "2.15.21",
      "resolved": "https://registry.npmjs.org/@types/mysql/-/mysql-2.15.21.tgz",
      "integrity": "sha512-NPotx5CVful7yB+qZbWtXL2fA4e7aEHkihHLjklc6ID8aq7bhguHgeIoC1EmSNTAuCgI6ZXrjt2ZSaXnYX0EUg==",
      "dev": true,
      "requires": {
        "@types/node": "*"
      }
    },
    "@types/node": {
      "version": "18.8.1",
      "resolved": "https://registry.npmjs.org/@types/node/-/node-18.8.1.tgz",
      "integrity": "sha512-vuYaNuEIbOYLTLUAJh50ezEbvxrD43iby+lpUA2aa148Nh5kX/AVO/9m1Ahmbux2iU5uxJTNF9g2Y+31uml7RQ==",
      "dev": true
    },
    "@types/nodemailer": {
      "version": "6.4.6",
      "resolved": "https://registry.npmjs.org/@types/nodemailer/-/nodemailer-6.4.6.tgz",
      "integrity": "sha512-pD6fL5GQtUKvD2WnPmg5bC2e8kWCAPDwMPmHe/ohQbW+Dy0EcHgZ2oCSuPlWNqk74LS5BVMig1SymQbFMPPK3w==",
      "dev": true,
      "requires": {
        "@types/node": "*"
      }
    },
    "@types/nodemon": {
      "version": "1.19.2",
      "resolved": "https://registry.npmjs.org/@types/nodemon/-/nodemon-1.19.2.tgz",
      "integrity": "sha512-4GWiTN3HevkxMIxEQ7OpD3MAHhlVsX2tairCMRmf8oYZxmhHw9+UpQpIdGdJrjsMT2Ty26FtJzUUcP/qM5fR8A==",
      "dev": true,
      "requires": {
        "@types/node": "*"
      }
    },
    "@types/on-headers": {
      "version": "1.0.0",
      "resolved": "https://registry.npmjs.org/@types/on-headers/-/on-headers-1.0.0.tgz",
      "integrity": "sha512-m5LRgPZzWPHGoEQDbuVuduRMctCW5tDarxi9f7+rYZoJDy7nMHMMrODtqbwPpNjYc6Ilg4vL2NeYAwimJfku3w==",
      "dev": true,
      "requires": {
        "@types/node": "*"
      }
    },
    "@types/parseurl": {
      "version": "1.3.1",
      "resolved": "https://registry.npmjs.org/@types/parseurl/-/parseurl-1.3.1.tgz",
      "integrity": "sha512-sAfjGAYgJ/MZsk95f3ByThfJgasZk1hWJROghBwfKnLLNANEAG/WHckAcT6HNqx2sHwVlci7OAX7k1KYpOcgMw==",
      "dev": true,
      "requires": {
        "@types/node": "*"
      }
    },
    "@types/qs": {
      "version": "6.9.7",
      "resolved": "https://registry.npmjs.org/@types/qs/-/qs-6.9.7.tgz",
      "integrity": "sha512-FGa1F62FT09qcrueBA6qYTrJPVDzah9a+493+o2PCXsesWHIn27G98TsSMs3WPNbZIEj4+VJf6saSFpvD+3Zsw==",
      "dev": true
    },
    "@types/random-bytes": {
      "version": "1.0.1",
      "resolved": "https://registry.npmjs.org/@types/random-bytes/-/random-bytes-1.0.1.tgz",
      "integrity": "sha512-P7fvSNQkysUoV1i1jbpAUR9TgkArYMTpSd4N12Hi/cbULDh+0KqhbTO1iW651ye3AKYadKyP66jgSSWRHIk1Tg==",
      "dev": true,
      "requires": {
        "@types/node": "*"
      }
    },
    "@types/range-parser": {
      "version": "1.2.4",
      "resolved": "https://registry.npmjs.org/@types/range-parser/-/range-parser-1.2.4.tgz",
      "integrity": "sha512-EEhsLsD6UsDM1yFhAvy0Cjr6VwmpMWqFBCb9w07wVugF7w9nfajxLuVmngTIpgS6svCnm6Vaw+MZhoDCKnOfsw==",
      "dev": true
    },
    "@types/serve-static": {
      "version": "1.15.0",
      "resolved": "https://registry.npmjs.org/@types/serve-static/-/serve-static-1.15.0.tgz",
      "integrity": "sha512-z5xyF6uh8CbjAu9760KDKsH2FcDxZ2tFCsA4HIMWE6IkiYMXfVoa+4f9KX+FN0ZLsaMw1WNG2ETLA6N+/YA+cg==",
      "dev": true,
      "requires": {
        "@types/mime": "*",
        "@types/node": "*"
      }
    },
    "@types/type-is": {
      "version": "1.6.3",
      "resolved": "https://registry.npmjs.org/@types/type-is/-/type-is-1.6.3.tgz",
      "integrity": "sha512-PNs5wHaNcBgCQG5nAeeZ7OvosrEsI9O4W2jAOO9BCCg4ux9ZZvH2+0iSCOIDBiKuQsiNS8CBlmfX9f5YBQ22cA==",
      "dev": true,
      "requires": {
        "@types/node": "*"
      }
    },
    "@types/uid-safe": {
      "version": "2.1.2",
      "resolved": "https://registry.npmjs.org/@types/uid-safe/-/uid-safe-2.1.2.tgz",
      "integrity": "sha512-Qe3A73fQbbkyoCIZvumH3kGJe01aOeUjUjKW05QHAfkfyKa8FjlDR5dP05T27S/f1/qjCtI07pQJzo4SKQWFSQ==",
      "dev": true
    },
    "types-registry": {
      "version": "0.1.612",
      "resolved": "https://registry.npmjs.org/types-registry/-/types-registry-0.1.612.tgz",
      "integrity": "sha512-6zR/5TwrVhWzTB5QvahknIugYS8FTMwb60JKkzFpEaZviRE7D71tllpPoSsGoLk6ERM8uTqxr2GCuctruvydZw=="
    }
  }
}
